
Microsoft Visual Studio Solution File, Format Version 12.00
# Visual Studio 14
VisualStudioVersion = 14.0.23107.0
MinimumVisualStudioVersion = 10.0.40219.1
Project("{FAE04EC0-301F-11D3-BF4B-00C04F79EFBC}") = "EssentialTools", "EssentialTools\EssentialTools.csproj", "{D561CA52-1FBB-4BE7-A69A-9E32573EF1E4}"
EndProject
Project("{FAE04EC0-301F-11D3-BF4B-00C04F79EFBC}") = "EssentialTools.Tests", "Essentialools.Tests\EssentialTools.Tests.csproj", "{79AB798A-E276-4D82-BB63-0F9AE640D7A6}"
EndProject
Global
	GlobalSection(SolutionConfigurationPlatforms) = preSolution
		Debug|Any CPU = Debug|Any CPU
		Release|Any CPU = Release|Any CPU
	EndGlobalSection
	GlobalSection(ProjectConfigurationPlatforms) = postSolution
		{D561CA52-1FBB-4BE7-A69A-9E32573EF1E4}.Debug|Any CPU.ActiveCfg = Debug|Any CPU
		{D561CA52-1FBB-4BE7-A69A-9E32573EF1E4}.Debug|Any CPU.Build.0 = Debug|Any CPU
		{D561CA52-1FBB-4BE7-A69A-9E32573EF1E4}.Release|Any CPU.ActiveCfg = Release|Any CPU
		{D561CA52-1FBB-4BE7-A69A-9E32573EF1E4}.Release|Any CPU.Build.0 = Release|Any CPU
		{79AB798A-E276-4D82-BB63-0F9AE640D7A6}.Debug|Any CPU.ActiveCfg = Debug|Any CPU
		{79AB798A-E276-4D82-BB63-0F9AE640D7A6}.Debug|Any CPU.Build.0 = Debug|Any CPU
		{79AB798A-E276-4D82-BB63-0F9AE640D7A6}.Release|Any CPU.ActiveCfg = Release|Any CPU
		{79AB798A-E276-4D82-BB63-0F9AE640D7A6}.Release|Any CPU.Build.0 = Release|Any CPU
	EndGlobalSection
	GlobalSection(SolutionProperties) = preSolution
		HideSolutionNode = FALSE
	EndGlobalSection
EndGlobal
